
Microsoft Visual Studio Solution File, Format Version 12.00
Project("{2150E333-8FDC-42A3-9474-1A3956D46DE8}") = "Solution files", "Solution files", "{BDFE6FD1-59F2-4152-A41A-335B361D3636}"
	ProjectSection(SolutionItems) = preProject
		..\fxmanifest.lua = ..\fxmanifest.lua
		..\readme.md = ..\readme.md
		..\.gitignore = ..\.gitignore
		..\.gitattributes = ..\.gitattributes
	EndProjectSection
EndProject
Project("{FAE04EC0-301F-11D3-BF4B-00C04F79EFBC}") = "BlazorUI", "BlazorUI\BlazorUI.csproj", "{8FA3E65F-D6DE-4CE1-847B-AEB94F5C6556}"
EndProject
Global
	GlobalSection(SolutionConfigurationPlatforms) = preSolution
		Debug|Any CPU = Debug|Any CPU
		Release|Any CPU = Release|Any CPU
	EndGlobalSection
	GlobalSection(ProjectConfigurationPlatforms) = postSolution
		{8FA3E65F-D6DE-4CE1-847B-AEB94F5C6556}.Debug|Any CPU.ActiveCfg = Debug|Any CPU
		{8FA3E65F-D6DE-4CE1-847B-AEB94F5C6556}.Debug|Any CPU.Build.0 = Debug|Any CPU
		{8FA3E65F-D6DE-4CE1-847B-AEB94F5C6556}.Release|Any CPU.ActiveCfg = Release|Any CPU
		{8FA3E65F-D6DE-4CE1-847B-AEB94F5C6556}.Release|Any CPU.Build.0 = Release|Any CPU
	EndGlobalSection
EndGlobal
